
Microsoft Visual Studio Solution File, Format Version 12.00
# Visual Studio 14
VisualStudioVersion = 14.0.25420.1
MinimumVisualStudioVersion = 10.0.40219.1
Project("{FAE04EC0-301F-11D3-BF4B-00C04F79EFBC}") = "wiicapture.utils", "lib\wii-utils\wiicapture.utils.csproj", "{15CB95E0-78DC-4083-BFFB-BBBBD878EFD6}"
EndProject
Project("{FAE04EC0-301F-11D3-BF4B-00C04F79EFBC}") = "WiimoteLib", "lib\WiimoteLib\WiimoteLib.csproj", "{37A555DF-7012-4B99-8A47-1C922A361E52}"
EndProject
Project("{FAE04EC0-301F-11D3-BF4B-00C04F79EFBC}") = "wiicapture.gui", "gui\wiicapture.gui.csproj", "{378C988E-6749-4E1D-A723-6BFF1F077D89}"
EndProject
Global
	GlobalSection(SolutionConfigurationPlatforms) = preSolution
		Debug MSRS|Any CPU = Debug MSRS|Any CPU
		Debug MSRS|x64 = Debug MSRS|x64
		Debug MSRS|x86 = Debug MSRS|x86
		Debug|Any CPU = Debug|Any CPU
		Debug|x64 = Debug|x64
		Debug|x86 = Debug|x86
		MSRS Debug|Any CPU = MSRS Debug|Any CPU
		MSRS Debug|x64 = MSRS Debug|x64
		MSRS Debug|x86 = MSRS Debug|x86
		Release MSRS|Any CPU = Release MSRS|Any CPU
		Release MSRS|x64 = Release MSRS|x64
		Release MSRS|x86 = Release MSRS|x86
		Release|Any CPU = Release|Any CPU
		Release|x64 = Release|x64
		Release|x86 = Release|x86
	EndGlobalSection
	GlobalSection(ProjectConfigurationPlatforms) = postSolution
		{15CB95E0-78DC-4083-BFFB-BBBBD878EFD6}.Debug MSRS|Any CPU.ActiveCfg = Debug|Any CPU
		{15CB95E0-78DC-4083-BFFB-BBBBD878EFD6}.Debug MSRS|Any CPU.Build.0 = Debug|Any CPU
		{15CB95E0-78DC-4083-BFFB-BBBBD878EFD6}.Debug MSRS|x64.ActiveCfg = Debug|x64
		{15CB95E0-78DC-4083-BFFB-BBBBD878EFD6}.Debug MSRS|x64.Build.0 = Debug|x64
		{15CB95E0-78DC-4083-BFFB-BBBBD878EFD6}.Debug MSRS|x86.ActiveCfg = Debug|Any CPU
		{15CB95E0-78DC-4083-BFFB-BBBBD878EFD6}.Debug MSRS|x86.Build.0 = Debug|Any CPU
		{15CB95E0-78DC-4083-BFFB-BBBBD878EFD6}.Debug|Any CPU.ActiveCfg = Debug|Any CPU
		{15CB95E0-78DC-4083-BFFB-BBBBD878EFD6}.Debug|Any CPU.Build.0 = Debug|Any CPU
		{15CB95E0-78DC-4083-BFFB-BBBBD878EFD6}.Debug|x64.ActiveCfg = Debug|x64
		{15CB95E0-78DC-4083-BFFB-BBBBD878EFD6}.Debug|x64.Build.0 = Debug|x64
		{15CB95E0-78DC-4083-BFFB-BBBBD878EFD6}.Debug|x86.ActiveCfg = Debug|Any CPU
		{15CB95E0-78DC-4083-BFFB-BBBBD878EFD6}.Debug|x86.Build.0 = Debug|Any CPU
		{15CB95E0-78DC-4083-BFFB-BBBBD878EFD6}.MSRS Debug|Any CPU.ActiveCfg = Debug|Any CPU
		{15CB95E0-78DC-4083-BFFB-BBBBD878EFD6}.MSRS Debug|Any CPU.Build.0 = Debug|Any CPU
		{15CB95E0-78DC-4083-BFFB-BBBBD878EFD6}.MSRS Debug|x64.ActiveCfg = Debug|x64
		{15CB95E0-78DC-4083-BFFB-BBBBD878EFD6}.MSRS Debug|x64.Build.0 = Debug|x64
		{15CB95E0-78DC-4083-BFFB-BBBBD878EFD6}.MSRS Debug|x86.ActiveCfg = Debug|Any CPU
		{15CB95E0-78DC-4083-BFFB-BBBBD878EFD6}.MSRS Debug|x86.Build.0 = Debug|Any CPU
		{15CB95E0-78DC-4083-BFFB-BBBBD878EFD6}.Release MSRS|Any CPU.ActiveCfg = Release|Any CPU
		{15CB95E0-78DC-4083-BFFB-BBBBD878EFD6}.Release MSRS|Any CPU.Build.0 = Release|Any CPU
		{15CB95E0-78DC-4083-BFFB-BBBBD878EFD6}.Release MSRS|x64.ActiveCfg = Release|x64
		{15CB95E0-78DC-4083-BFFB-BBBBD878EFD6}.Release MSRS|x64.Build.0 = Release|x64
		{15CB95E0-78DC-4083-BFFB-BBBBD878EFD6}.Release MSRS|x86.ActiveCfg = Release|Any CPU
		{15CB95E0-78DC-4083-BFFB-BBBBD878EFD6}.Release MSRS|x86.Build.0 = Release|Any CPU
		{15CB95E0-78DC-4083-BFFB-BBBBD878EFD6}.Release|Any CPU.ActiveCfg = Release|Any CPU
		{15CB95E0-78DC-4083-BFFB-BBBBD878EFD6}.Release|Any CPU.Build.0 = Release|Any CPU
		{15CB95E0-78DC-4083-BFFB-BBBBD878EFD6}.Release|x64.ActiveCfg = Release|x64
		{15CB95E0-78DC-4083-BFFB-BBBBD878EFD6}.Release|x64.Build.0 = Release|x64
		{15CB95E0-78DC-4083-BFFB-BBBBD878EFD6}.Release|x86.ActiveCfg = Release|Any CPU
		{15CB95E0-78DC-4083-BFFB-BBBBD878EFD6}.Release|x86.Build.0 = Release|Any CPU
		{37A555DF-7012-4B99-8A47-1C922A361E52}.Debug MSRS|Any CPU.ActiveCfg = Debug|Any CPU
		{37A555DF-7012-4B99-8A47-1C922A361E52}.Debug MSRS|Any CPU.Build.0 = Debug|Any CPU
		{37A555DF-7012-4B99-8A47-1C922A361E52}.Debug MSRS|x64.ActiveCfg = Debug MSRS|x64
		{37A555DF-7012-4B99-8A47-1C922A361E52}.Debug MSRS|x64.Build.0 = Debug MSRS|x64
		{37A555DF-7012-4B99-8A47-1C922A361E52}.Debug MSRS|x86.ActiveCfg = Debug MSRS|x86
		{37A555DF-7012-4B99-8A47-1C922A361E52}.Debug MSRS|x86.Build.0 = Debug MSRS|x86
		{37A555DF-7012-4B99-8A47-1C922A361E52}.Debug|Any CPU.ActiveCfg = Debug|Any CPU
		{37A555DF-7012-4B99-8A47-1C922A361E52}.Debug|Any CPU.Build.0 = Debug|Any CPU
		{37A555DF-7012-4B99-8A47-1C922A361E52}.Debug|x64.ActiveCfg = Debug|x64
		{37A555DF-7012-4B99-8A47-1C922A361E52}.Debug|x64.Build.0 = Debug|x64
		{37A555DF-7012-4B99-8A47-1C922A361E52}.Debug|x86.ActiveCfg = Debug|x86
		{37A555DF-7012-4B99-8A47-1C922A361E52}.Debug|x86.Build.0 = Debug|x86
		{37A555DF-7012-4B99-8A47-1C922A361E52}.MSRS Debug|Any CPU.ActiveCfg = MSRS Debug|Any CPU
		{37A555DF-7012-4B99-8A47-1C922A361E52}.MSRS Debug|Any CPU.Build.0 = MSRS Debug|Any CPU
		{37A555DF-7012-4B99-8A47-1C922A361E52}.MSRS Debug|x64.ActiveCfg = MSRS Debug|x64
		{37A555DF-7012-4B99-8A47-1C922A361E52}.MSRS Debug|x64.Build.0 = MSRS Debug|x64
		{37A555DF-7012-4B99-8A47-1C922A361E52}.MSRS Debug|x86.ActiveCfg = MSRS Debug|x86
		{37A555DF-7012-4B99-8A47-1C922A361E52}.MSRS Debug|x86.Build.0 = MSRS Debug|x86
		{37A555DF-7012-4B99-8A47-1C922A361E52}.Release MSRS|Any CPU.ActiveCfg = Release MSRS|Any CPU
		{37A555DF-7012-4B99-8A47-1C922A361E52}.Release MSRS|Any CPU.Build.0 = Release MSRS|Any CPU
		{37A555DF-7012-4B99-8A47-1C922A361E52}.Release MSRS|x64.ActiveCfg = Release MSRS|x64
		{37A555DF-7012-4B99-8A47-1C922A361E52}.Release MSRS|x64.Build.0 = Release MSRS|x64
		{37A555DF-7012-4B99-8A47-1C922A361E52}.Release MSRS|x86.ActiveCfg = Release MSRS|x86
		{37A555DF-7012-4B99-8A47-1C922A361E52}.Release MSRS|x86.Build.0 = Release MSRS|x86
		{37A555DF-7012-4B99-8A47-1C922A361E52}.Release|Any CPU.ActiveCfg = Release|Any CPU
		{37A555DF-7012-4B99-8A47-1C922A361E52}.Release|Any CPU.Build.0 = Release|Any CPU
		{37A555DF-7012-4B99-8A47-1C922A361E52}.Release|x64.ActiveCfg = Release|x64
		{37A555DF-7012-4B99-8A47-1C922A361E52}.Release|x64.Build.0 = Release|x64
		{37A555DF-7012-4B99-8A47-1C922A361E52}.Release|x86.ActiveCfg = Release|x86
		{37A555DF-7012-4B99-8A47-1C922A361E52}.Release|x86.Build.0 = Release|x86
		{378C988E-6749-4E1D-A723-6BFF1F077D89}.Debug MSRS|Any CPU.ActiveCfg = Debug|Any CPU
		{378C988E-6749-4E1D-A723-6BFF1F077D89}.Debug MSRS|Any CPU.Build.0 = Debug|Any CPU
		{378C988E-6749-4E1D-A723-6BFF1F077D89}.Debug MSRS|x64.ActiveCfg = Debug|Any CPU
		{378C988E-6749-4E1D-A723-6BFF1F077D89}.Debug MSRS|x64.Build.0 = Debug|Any CPU
		{378C988E-6749-4E1D-A723-6BFF1F077D89}.Debug MSRS|x86.ActiveCfg = Debug|Any CPU
		{378C988E-6749-4E1D-A723-6BFF1F077D89}.Debug MSRS|x86.Build.0 = Debug|Any CPU
		{378C988E-6749-4E1D-A723-6BFF1F077D89}.Debug|Any CPU.ActiveCfg = Debug|Any CPU
		{378C988E-6749-4E1D-A723-6BFF1F077D89}.Debug|Any CPU.Build.0 = Debug|Any CPU
		{378C988E-6749-4E1D-A723-6BFF1F077D89}.Debug|x64.ActiveCfg = Debug|Any CPU
		{378C988E-6749-4E1D-A723-6BFF1F077D89}.Debug|x64.Build.0 = Debug|Any CPU
		{378C988E-6749-4E1D-A723-6BFF1F077D89}.Debug|x86.ActiveCfg = Debug|Any CPU
		{378C988E-6749-4E1D-A723-6BFF1F077D89}.Debug|x86.Build.0 = Debug|Any CPU
		{378C988E-6749-4E1D-A723-6BFF1F077D89}.MSRS Debug|Any CPU.ActiveCfg = Debug|Any CPU
		{378C988E-6749-4E1D-A723-6BFF1F077D89}.MSRS Debug|Any CPU.Build.0 = Debug|Any CPU
		{378C988E-6749-4E1D-A723-6BFF1F077D89}.MSRS Debug|x64.ActiveCfg = Debug|Any CPU
		{378C988E-6749-4E1D-A723-6BFF1F077D89}.MSRS Debug|x64.Build.0 = Debug|Any CPU
		{378C988E-6749-4E1D-A723-6BFF1F077D89}.MSRS Debug|x86.ActiveCfg = Debug|Any CPU
		{378C988E-6749-4E1D-A723-6BFF1F077D89}.MSRS Debug|x86.Build.0 = Debug|Any CPU
		{378C988E-6749-4E1D-A723-6BFF1F077D89}.Release MSRS|Any CPU.ActiveCfg = Release|Any CPU
		{378C988E-6749-4E1D-A723-6BFF1F077D89}.Release MSRS|Any CPU.Build.0 = Release|Any CPU
		{378C988E-6749-4E1D-A723-6BFF1F077D89}.Release MSRS|x64.ActiveCfg = Release|Any CPU
		{378C988E-6749-4E1D-A723-6BFF1F077D89}.Release MSRS|x64.Build.0 = Release|Any CPU
		{378C988E-6749-4E1D-A723-6BFF1F077D89}.Release MSRS|x86.ActiveCfg = Release|Any CPU
		{378C988E-6749-4E1D-A723-6BFF1F077D89}.Release MSRS|x86.Build.0 = Release|Any CPU
		{378C988E-6749-4E1D-A723-6BFF1F077D89}.Release|Any CPU.ActiveCfg = Release|Any CPU
		{378C988E-6749-4E1D-A723-6BFF1F077D89}.Release|Any CPU.Build.0 = Release|Any CPU
		{378C988E-6749-4E1D-A723-6BFF1F077D89}.Release|x64.ActiveCfg = Release|Any CPU
		{378C988E-6749-4E1D-A723-6BFF1F077D89}.Release|x64.Build.0 = Release|Any CPU
		{378C988E-6749-4E1D-A723-6BFF1F077D89}.Release|x86.ActiveCfg = Release|Any CPU
		{378C988E-6749-4E1D-A723-6BFF1F077D89}.Release|x86.Build.0 = Release|Any CPU
	EndGlobalSection
	GlobalSection(SolutionProperties) = preSolution
		HideSolutionNode = FALSE
	EndGlobalSection
EndGlobal
